
Microsoft Visual Studio Solution File, Format Version 11.00
# Visual Studio 2010
Project("{FAE04EC0-301F-11D3-BF4B-00C04F79EFBC}") = "KodIM", "KodIM\KodIM.csproj", "{301DA6C4-DB67-4BBD-AEE7-35D98BAA1AD5}"
EndProject
Global
	GlobalSection(SolutionConfigurationPlatforms) = preSolution
		Debug|x86 = Debug|x86
		Release|x86 = Release|x86
	EndGlobalSection
	GlobalSection(ProjectConfigurationPlatforms) = postSolution
		{301DA6C4-DB67-4BBD-AEE7-35D98BAA1AD5}.Debug|x86.ActiveCfg = Debug|x86
		{301DA6C4-DB67-4BBD-AEE7-35D98BAA1AD5}.Debug|x86.Build.0 = Debug|x86
		{301DA6C4-DB67-4BBD-AEE7-35D98BAA1AD5}.Release|x86.ActiveCfg = Release|x86
		{301DA6C4-DB67-4BBD-AEE7-35D98BAA1AD5}.Release|x86.Build.0 = Release|x86
	EndGlobalSection
	GlobalSection(MonoDevelopProperties) = preSolution
		StartupItem = KodIM\KodIM.csproj
	EndGlobalSection
EndGlobal
